
Microsoft Visual Studio Solution File, Format Version 12.00
# Visual Studio 2012
Project("{FAE04EC0-301F-11D3-BF4B-00C04F79EFBC}") = "OrgNavWebApi", "OrgNavWebApi\OrgNavWebApi.csproj", "{9E2A9A13-19DC-4E0B-BD95-BCD1F221055F}"
EndProject
Global
	GlobalSection(SolutionConfigurationPlatforms) = preSolution
		Debug|Any CPU = Debug|Any CPU
		Release|Any CPU = Release|Any CPU
	EndGlobalSection
	GlobalSection(ProjectConfigurationPlatforms) = postSolution
		{9E2A9A13-19DC-4E0B-BD95-BCD1F221055F}.Debug|Any CPU.ActiveCfg = Debug|Any CPU
		{9E2A9A13-19DC-4E0B-BD95-BCD1F221055F}.Debug|Any CPU.Build.0 = Debug|Any CPU
		{9E2A9A13-19DC-4E0B-BD95-BCD1F221055F}.Release|Any CPU.ActiveCfg = Release|Any CPU
		{9E2A9A13-19DC-4E0B-BD95-BCD1F221055F}.Release|Any CPU.Build.0 = Release|Any CPU
	EndGlobalSection
	GlobalSection(SolutionProperties) = preSolution
		HideSolutionNode = FALSE
	EndGlobalSection
EndGlobal
