
Microsoft Visual Studio Solution File, Format Version 11.00
# Visual Studio 2010
Project("{FAE04EC0-301F-11D3-BF4B-00C04F79EFBC}") = "MvcCrudDemo", "MvcCrudDemo\MvcCrudDemo.csproj", "{FAC5EA2B-05AC-46C4-9BAB-8033F4358C00}"
EndProject
Global
	GlobalSection(TeamFoundationVersionControl) = preSolution
		SccNumberOfProjects = 2
		SccEnterpriseProvider = {4CA58AB2-18FA-4F8D-95D4-32DDF27D184C}
		SccTeamFoundationServer = http://tfs:8080/tfs/cts%20projects
		SccLocalPath0 = .
		SccProjectUniqueName1 = MvcCrudDemo\\MvcCrudDemo.csproj
		SccProjectName1 = MvcCrudDemo
		SccLocalPath1 = MvcCrudDemo
	EndGlobalSection
	GlobalSection(SolutionConfigurationPlatforms) = preSolution
		Debug|Any CPU = Debug|Any CPU
		Release|Any CPU = Release|Any CPU
	EndGlobalSection
	GlobalSection(ProjectConfigurationPlatforms) = postSolution
		{FAC5EA2B-05AC-46C4-9BAB-8033F4358C00}.Debug|Any CPU.ActiveCfg = Debug|Any CPU
		{FAC5EA2B-05AC-46C4-9BAB-8033F4358C00}.Debug|Any CPU.Build.0 = Debug|Any CPU
		{FAC5EA2B-05AC-46C4-9BAB-8033F4358C00}.Release|Any CPU.ActiveCfg = Release|Any CPU
		{FAC5EA2B-05AC-46C4-9BAB-8033F4358C00}.Release|Any CPU.Build.0 = Release|Any CPU
	EndGlobalSection
	GlobalSection(SolutionProperties) = preSolution
		HideSolutionNode = FALSE
	EndGlobalSection
EndGlobal
